{
  "name": "@sabrealam/pkg",
  "version": "1.0.0",
  "lockfileVersion": 3,
  "requires": true,
  "packages": {
    "": {
      "name": "@sabrealam/pkg",
      "version": "1.0.0",
      "license": "ISC",
      "dependencies": {
        "@sabrealam/pkg": "file:sabrealam-pkg-1.0.0.tgz"
      }
    },
    "node_modules/@sabrealam/pkg": {
      "version": "1.0.0",
      "resolved": "file:sabrealam-pkg-1.0.0.tgz",
      "integrity": "sha512-yIYd8hx3PZ0Xg1knuYxmUj9S0zkvgowHxFjkI7TAXv8FaKcXBmDf0AmiG2QrXffqHZls2bGC3wj4U/rXDdWaQw==",
      "license": "ISC"
    }
  }
}
